github.com/go-chi/chi/v5 v5.0.11 h1:BnpYbFZ3T3S1WMpD79r7R5ThWX40TaFB7L31Y8xqSwA=
github.com/go-chi/chi/v5 v5.0.11/go.mod h1:DslCQbL2OYiznFReuXYUmQ2hGd1aDpCnlMNITLSKoi8=
github.com/joho/godotenv v1.5.1 h1:7eLL/+HRGLY0ldzfGMeQkb7vMd0as4CfYvUVzLqw0N0=
github.com/joho/godotenv v1.5.1/go.mod h1:f4LDr5Voq0i2e/R5DDNOoa2zzDfwtkZa6DnEwAbqwq4=
github.com/neo4j/neo4j-go-driver/v5 v5.16.0 h1:m3ZTjqulwob5HBysu5QdSvFB1+6x8xC9I3hC7yzcN6A=
github.com/neo4j/neo4j-go-driver/v5 v5.16.0/go.mod h1:Vff8OwT7QpLm7L2yYr85XNWe9Rbqlbeb9asNXJTHO4k=
